
Microsoft Visual Studio Solution File, Format Version 12.00
# Visual Studio Version 17
VisualStudioVersion = 17.11.35303.130
MinimumVisualStudioVersion = 10.0.40219.1
Project("{2150E333-8FDC-42A3-9474-1A3956D46DE8}") = "Task0", "Task0", "{5623A476-6F54-4853-A04A-8425CB58E33F}"
EndProject
Project("{9A19103F-16F7-4668-BE54-9A1E7A4F7556}") = "Tyuiu.DikanovAA.Sprint3.Task0.V20", "Tyuiu.DikanovAA.Sprint3.Task0.V20\Tyuiu.DikanovAA.Sprint3.Task0.V20.csproj", "{1446A863-751D-4898-88E6-7DF7DD20A5AC}"
EndProject
Project("{9A19103F-16F7-4668-BE54-9A1E7A4F7556}") = "Tyuiu.DikanovAA.Sprint3.Task0.V20.Lib", "Tyuiu.DikanovAA.Sprint3.Task0.V20.Lib\Tyuiu.DikanovAA.Sprint3.Task0.V20.Lib.csproj", "{D2092559-F6B3-4984-B3B9-93B757F467E8}"
EndProject
Project("{9A19103F-16F7-4668-BE54-9A1E7A4F7556}") = "Tyuiu.DikanovAA.Sprint3.Task0.V20.Test", "Tyuiu.DikanovAA.Sprint3.Task0.V20.Test\Tyuiu.DikanovAA.Sprint3.Task0.V20.Test.csproj", "{234FDC1A-E623-4B00-9214-7C53A4B06A0C}"
EndProject
Project("{2150E333-8FDC-42A3-9474-1A3956D46DE8}") = "Task1", "Task1", "{A8DD0F1C-6F0F-48CE-92F4-A9A9B9B544C3}"
EndProject
Project("{9A19103F-16F7-4668-BE54-9A1E7A4F7556}") = "Tyuiu.DikanovAA.Sprint3.Task1.V20", "Tyuiu.DikanovAA.Sprint3.Task1.V20\Tyuiu.DikanovAA.Sprint3.Task1.V20.csproj", "{347F83BC-4DAA-4B4F-B16C-43818F4DE965}"
EndProject
Project("{9A19103F-16F7-4668-BE54-9A1E7A4F7556}") = "Tyuiu.DikanovAA.Sprint3.Task1.V20.Lib", "Tyuiu.DikanovAA.Sprint3.Task1.V20.Lib\Tyuiu.DikanovAA.Sprint3.Task1.V20.Lib.csproj", "{FCB5875E-F72C-4673-AAA0-6D8F5A0B9A90}"
EndProject
Project("{9A19103F-16F7-4668-BE54-9A1E7A4F7556}") = "Tyuiu.DikanovAA.Sprint3.Task1.V20.Test", "Tyuiu.DikanovAA.Sprint3.Task1.V20.Test\Tyuiu.DikanovAA.Sprint3.Task1.V20.Test.csproj", "{1CA54103-F3DF-4AEE-BE5D-6EB6CBE0E212}"
EndProject
Project("{2150E333-8FDC-42A3-9474-1A3956D46DE8}") = "Task2", "Task2", "{89B516B0-995B-4385-AA39-AA3CED8EA90F}"
EndProject
Project("{9A19103F-16F7-4668-BE54-9A1E7A4F7556}") = "Tyuiu.DikanovAA.Sprint3.Task2.V23", "Tyuiu.DikanovAA.Sprint3.Task2.V23\Tyuiu.DikanovAA.Sprint3.Task2.V23.csproj", "{2F23702D-3ECD-4F3D-BEC2-02D40A8332D1}"
EndProject
Project("{9A19103F-16F7-4668-BE54-9A1E7A4F7556}") = "Tyuiu.DikanovAA.Sprint3.Task2.V23.Lib", "Tyuiu.DikanovAA.Sprint3.Task2.V23.Lib\Tyuiu.DikanovAA.Sprint3.Task2.V23.Lib.csproj", "{EF2327A1-2F4F-4578-9840-0AF79C91AA46}"
EndProject
Project("{9A19103F-16F7-4668-BE54-9A1E7A4F7556}") = "Tyuiu.DikanovAA.Sprint3.Task2.V23.Test", "Tyuiu.DikanovAA.Sprint3.Task2.V23.Test\Tyuiu.DikanovAA.Sprint3.Task2.V23.Test.csproj", "{D19C9D0B-A2D1-4723-939B-EBCC49880C5E}"
EndProject
Project("{2150E333-8FDC-42A3-9474-1A3956D46DE8}") = "Task3", "Task3", "{6E5C1CAD-5501-473C-9C52-135DA03C7D4A}"
EndProject
Project("{9A19103F-16F7-4668-BE54-9A1E7A4F7556}") = "Tyuiu.DikanovAA.Sprint3.Task3.V5", "Tyuiu.DikanovAA.Sprint3.Task3.V5\Tyuiu.DikanovAA.Sprint3.Task3.V5.csproj", "{C7EBD846-6A08-44D6-8AEC-52C436F55BB7}"
EndProject
Project("{9A19103F-16F7-4668-BE54-9A1E7A4F7556}") = "Tyuiu.DikanovAA.Sprint3.Task3.V5.Lib", "Tyuiu.DikanovAA.Sprint3.Task3.V5.Lib\Tyuiu.DikanovAA.Sprint3.Task3.V5.Lib.csproj", "{C5161486-E06B-4DE2-8532-772834D24F29}"
EndProject
Project("{9A19103F-16F7-4668-BE54-9A1E7A4F7556}") = "Tyuiu.DikanovAA.Sprint3.Task3.V5.Test", "Tyuiu.DikanovAA.Sprint3.Task3.V5.Test\Tyuiu.DikanovAA.Sprint3.Task3.V5.Test.csproj", "{C14AC3EC-A594-4EF0-89FF-EAA21AA9349D}"
EndProject
Project("{2150E333-8FDC-42A3-9474-1A3956D46DE8}") = "Task4", "Task4", "{561D2428-FB6C-400B-8D86-D23A3A46D2E7}"
EndProject
Project("{9A19103F-16F7-4668-BE54-9A1E7A4F7556}") = "Tyuiu.DikanovAA.Sprint3.Task4.V10", "Tyuiu.DikanovAA.Sprint3.Task4.V10\Tyuiu.DikanovAA.Sprint3.Task4.V10.csproj", "{7005970C-E8ED-4AC4-807F-CB19F7E375DB}"
EndProject
Project("{9A19103F-16F7-4668-BE54-9A1E7A4F7556}") = "Tyuiu.DikanovAA.Sprint3.Task4.V10.Lib", "Tyuiu.DikanovAA.Sprint3.Task4.V10.Lib\Tyuiu.DikanovAA.Sprint3.Task4.V10.Lib.csproj", "{DB86CA53-925B-4B98-A024-D17EA1A770CE}"
EndProject
Project("{9A19103F-16F7-4668-BE54-9A1E7A4F7556}") = "Tyuiu.DikanovAA.Sprint3.Task4.V10.Test", "Tyuiu.DikanovAA.Sprint3.Task4.V10.Test\Tyuiu.DikanovAA.Sprint3.Task4.V10.Test.csproj", "{692AF6F7-4E8B-4DDE-8C07-AD065B05A066}"
EndProject
Project("{2150E333-8FDC-42A3-9474-1A3956D46DE8}") = "Task5", "Task5", "{619E276E-BA67-4431-89AF-76F3AA95209F}"
EndProject
Project("{FAE04EC0-301F-11D3-BF4B-00C04F79EFBC}") = "Tyuiu.DikanovAA.Sprint3.Task5.V22", "Tyuiu.DikanovAA.Sprint3.Task5.V22\Tyuiu.DikanovAA.Sprint3.Task5.V22.csproj", "{9620F672-F3F3-4633-A89B-5258971BA50D}"
EndProject
Project("{FAE04EC0-301F-11D3-BF4B-00C04F79EFBC}") = "Tyuiu.DikanovAA.Sprint3.Task5.V22.Lib", "Tyuiu.DikanovAA.Sprint3.Task5.V22.Lib\Tyuiu.DikanovAA.Sprint3.Task5.V22.Lib.csproj", "{5982ECC1-31F9-4CDB-BFA0-F20759429C2F}"
EndProject
Project("{FAE04EC0-301F-11D3-BF4B-00C04F79EFBC}") = "Tyuiu.DikanovAA.Sprint3.Task5.V22.Test", "Tyuiu.DikanovAA.Sprint3.Task5.V22.Test\Tyuiu.DikanovAA.Sprint3.Task5.V22.Test.csproj", "{2746A06F-7FA9-46A3-B34C-5D78F96C043F}"
EndProject
Global
	GlobalSection(SolutionConfigurationPlatforms) = preSolution
		Debug|Any CPU = Debug|Any CPU
		Release|Any CPU = Release|Any CPU
	EndGlobalSection
	GlobalSection(ProjectConfigurationPlatforms) = postSolution
		{1446A863-751D-4898-88E6-7DF7DD20A5AC}.Debug|Any CPU.ActiveCfg = Debug|Any CPU
		{1446A863-751D-4898-88E6-7DF7DD20A5AC}.Debug|Any CPU.Build.0 = Debug|Any CPU
		{1446A863-751D-4898-88E6-7DF7DD20A5AC}.Release|Any CPU.ActiveCfg = Release|Any CPU
		{1446A863-751D-4898-88E6-7DF7DD20A5AC}.Release|Any CPU.Build.0 = Release|Any CPU
		{D2092559-F6B3-4984-B3B9-93B757F467E8}.Debug|Any CPU.ActiveCfg = Debug|Any CPU
		{D2092559-F6B3-4984-B3B9-93B757F467E8}.Debug|Any CPU.Build.0 = Debug|Any CPU
		{D2092559-F6B3-4984-B3B9-93B757F467E8}.Release|Any CPU.ActiveCfg = Release|Any CPU
		{D2092559-F6B3-4984-B3B9-93B757F467E8}.Release|Any CPU.Build.0 = Release|Any CPU
		{234FDC1A-E623-4B00-9214-7C53A4B06A0C}.Debug|Any CPU.ActiveCfg = Debug|Any CPU
		{234FDC1A-E623-4B00-9214-7C53A4B06A0C}.Debug|Any CPU.Build.0 = Debug|Any CPU
		{234FDC1A-E623-4B00-9214-7C53A4B06A0C}.Release|Any CPU.ActiveCfg = Release|Any CPU
		{234FDC1A-E623-4B00-9214-7C53A4B06A0C}.Release|Any CPU.Build.0 = Release|Any CPU
		{347F83BC-4DAA-4B4F-B16C-43818F4DE965}.Debug|Any CPU.ActiveCfg = Debug|Any CPU
		{347F83BC-4DAA-4B4F-B16C-43818F4DE965}.Debug|Any CPU.Build.0 = Debug|Any CPU
		{347F83BC-4DAA-4B4F-B16C-43818F4DE965}.Release|Any CPU.ActiveCfg = Release|Any CPU
		{347F83BC-4DAA-4B4F-B16C-43818F4DE965}.Release|Any CPU.Build.0 = Release|Any CPU
		{FCB5875E-F72C-4673-AAA0-6D8F5A0B9A90}.Debug|Any CPU.ActiveCfg = Debug|Any CPU
		{FCB5875E-F72C-4673-AAA0-6D8F5A0B9A90}.Debug|Any CPU.Build.0 = Debug|Any CPU
		{FCB5875E-F72C-4673-AAA0-6D8F5A0B9A90}.Release|Any CPU.ActiveCfg = Release|Any CPU
		{FCB5875E-F72C-4673-AAA0-6D8F5A0B9A90}.Release|Any CPU.Build.0 = Release|Any CPU
		{1CA54103-F3DF-4AEE-BE5D-6EB6CBE0E212}.Debug|Any CPU.ActiveCfg = Debug|Any CPU
		{1CA54103-F3DF-4AEE-BE5D-6EB6CBE0E212}.Debug|Any CPU.Build.0 = Debug|Any CPU
		{1CA54103-F3DF-4AEE-BE5D-6EB6CBE0E212}.Release|Any CPU.ActiveCfg = Release|Any CPU
		{1CA54103-F3DF-4AEE-BE5D-6EB6CBE0E212}.Release|Any CPU.Build.0 = Release|Any CPU
		{2F23702D-3ECD-4F3D-BEC2-02D40A8332D1}.Debug|Any CPU.ActiveCfg = Debug|Any CPU
		{2F23702D-3ECD-4F3D-BEC2-02D40A8332D1}.Debug|Any CPU.Build.0 = Debug|Any CPU
		{2F23702D-3ECD-4F3D-BEC2-02D40A8332D1}.Release|Any CPU.ActiveCfg = Release|Any CPU
		{2F23702D-3ECD-4F3D-BEC2-02D40A8332D1}.Release|Any CPU.Build.0 = Release|Any CPU
		{EF2327A1-2F4F-4578-9840-0AF79C91AA46}.Debug|Any CPU.ActiveCfg = Debug|Any CPU
		{EF2327A1-2F4F-4578-9840-0AF79C91AA46}.Debug|Any CPU.Build.0 = Debug|Any CPU
		{EF2327A1-2F4F-4578-9840-0AF79C91AA46}.Release|Any CPU.ActiveCfg = Release|Any CPU
		{EF2327A1-2F4F-4578-9840-0AF79C91AA46}.Release|Any CPU.Build.0 = Release|Any CPU
		{D19C9D0B-A2D1-4723-939B-EBCC49880C5E}.Debug|Any CPU.ActiveCfg = Debug|Any CPU
		{D19C9D0B-A2D1-4723-939B-EBCC49880C5E}.Debug|Any CPU.Build.0 = Debug|Any CPU
		{D19C9D0B-A2D1-4723-939B-EBCC49880C5E}.Release|Any CPU.ActiveCfg = Release|Any CPU
		{D19C9D0B-A2D1-4723-939B-EBCC49880C5E}.Release|Any CPU.Build.0 = Release|Any CPU
		{C7EBD846-6A08-44D6-8AEC-52C436F55BB7}.Debug|Any CPU.ActiveCfg = Debug|Any CPU
		{C7EBD846-6A08-44D6-8AEC-52C436F55BB7}.Debug|Any CPU.Build.0 = Debug|Any CPU
		{C7EBD846-6A08-44D6-8AEC-52C436F55BB7}.Release|Any CPU.ActiveCfg = Release|Any CPU
		{C7EBD846-6A08-44D6-8AEC-52C436F55BB7}.Release|Any CPU.Build.0 = Release|Any CPU
		{C5161486-E06B-4DE2-8532-772834D24F29}.Debug|Any CPU.ActiveCfg = Debug|Any CPU
		{C5161486-E06B-4DE2-8532-772834D24F29}.Debug|Any CPU.Build.0 = Debug|Any CPU
		{C5161486-E06B-4DE2-8532-772834D24F29}.Release|Any CPU.ActiveCfg = Release|Any CPU
		{C5161486-E06B-4DE2-8532-772834D24F29}.Release|Any CPU.Build.0 = Release|Any CPU
		{C14AC3EC-A594-4EF0-89FF-EAA21AA9349D}.Debug|Any CPU.ActiveCfg = Debug|Any CPU
		{C14AC3EC-A594-4EF0-89FF-EAA21AA9349D}.Debug|Any CPU.Build.0 = Debug|Any CPU
		{C14AC3EC-A594-4EF0-89FF-EAA21AA9349D}.Release|Any CPU.ActiveCfg = Release|Any CPU
		{C14AC3EC-A594-4EF0-89FF-EAA21AA9349D}.Release|Any CPU.Build.0 = Release|Any CPU
		{7005970C-E8ED-4AC4-807F-CB19F7E375DB}.Debug|Any CPU.ActiveCfg = Debug|Any CPU
		{7005970C-E8ED-4AC4-807F-CB19F7E375DB}.Debug|Any CPU.Build.0 = Debug|Any CPU
		{7005970C-E8ED-4AC4-807F-CB19F7E375DB}.Release|Any CPU.ActiveCfg = Release|Any CPU
		{7005970C-E8ED-4AC4-807F-CB19F7E375DB}.Release|Any CPU.Build.0 = Release|Any CPU
		{DB86CA53-925B-4B98-A024-D17EA1A770CE}.Debug|Any CPU.ActiveCfg = Debug|Any CPU
		{DB86CA53-925B-4B98-A024-D17EA1A770CE}.Debug|Any CPU.Build.0 = Debug|Any CPU
		{DB86CA53-925B-4B98-A024-D17EA1A770CE}.Release|Any CPU.ActiveCfg = Release|Any CPU
		{DB86CA53-925B-4B98-A024-D17EA1A770CE}.Release|Any CPU.Build.0 = Release|Any CPU
		{692AF6F7-4E8B-4DDE-8C07-AD065B05A066}.Debug|Any CPU.ActiveCfg = Debug|Any CPU
		{692AF6F7-4E8B-4DDE-8C07-AD065B05A066}.Debug|Any CPU.Build.0 = Debug|Any CPU
		{692AF6F7-4E8B-4DDE-8C07-AD065B05A066}.Release|Any CPU.ActiveCfg = Release|Any CPU
		{692AF6F7-4E8B-4DDE-8C07-AD065B05A066}.Release|Any CPU.Build.0 = Release|Any CPU
		{9620F672-F3F3-4633-A89B-5258971BA50D}.Debug|Any CPU.ActiveCfg = Debug|Any CPU
		{9620F672-F3F3-4633-A89B-5258971BA50D}.Debug|Any CPU.Build.0 = Debug|Any CPU
		{9620F672-F3F3-4633-A89B-5258971BA50D}.Release|Any CPU.ActiveCfg = Release|Any CPU
		{9620F672-F3F3-4633-A89B-5258971BA50D}.Release|Any CPU.Build.0 = Release|Any CPU
		{5982ECC1-31F9-4CDB-BFA0-F20759429C2F}.Debug|Any CPU.ActiveCfg = Debug|Any CPU
		{5982ECC1-31F9-4CDB-BFA0-F20759429C2F}.Debug|Any CPU.Build.0 = Debug|Any CPU
		{5982ECC1-31F9-4CDB-BFA0-F20759429C2F}.Release|Any CPU.ActiveCfg = Release|Any CPU
		{5982ECC1-31F9-4CDB-BFA0-F20759429C2F}.Release|Any CPU.Build.0 = Release|Any CPU
		{2746A06F-7FA9-46A3-B34C-5D78F96C043F}.Debug|Any CPU.ActiveCfg = Debug|Any CPU
		{2746A06F-7FA9-46A3-B34C-5D78F96C043F}.Debug|Any CPU.Build.0 = Debug|Any CPU
		{2746A06F-7FA9-46A3-B34C-5D78F96C043F}.Release|Any CPU.ActiveCfg = Release|Any CPU
		{2746A06F-7FA9-46A3-B34C-5D78F96C043F}.Release|Any CPU.Build.0 = Release|Any CPU
	EndGlobalSection
	GlobalSection(SolutionProperties) = preSolution
		HideSolutionNode = FALSE
	EndGlobalSection
	GlobalSection(NestedProjects) = preSolution
		{1446A863-751D-4898-88E6-7DF7DD20A5AC} = {5623A476-6F54-4853-A04A-8425CB58E33F}
		{D2092559-F6B3-4984-B3B9-93B757F467E8} = {5623A476-6F54-4853-A04A-8425CB58E33F}
		{234FDC1A-E623-4B00-9214-7C53A4B06A0C} = {5623A476-6F54-4853-A04A-8425CB58E33F}
		{347F83BC-4DAA-4B4F-B16C-43818F4DE965} = {A8DD0F1C-6F0F-48CE-92F4-A9A9B9B544C3}
		{FCB5875E-F72C-4673-AAA0-6D8F5A0B9A90} = {A8DD0F1C-6F0F-48CE-92F4-A9A9B9B544C3}
		{1CA54103-F3DF-4AEE-BE5D-6EB6CBE0E212} = {A8DD0F1C-6F0F-48CE-92F4-A9A9B9B544C3}
		{2F23702D-3ECD-4F3D-BEC2-02D40A8332D1} = {89B516B0-995B-4385-AA39-AA3CED8EA90F}
		{EF2327A1-2F4F-4578-9840-0AF79C91AA46} = {89B516B0-995B-4385-AA39-AA3CED8EA90F}
		{D19C9D0B-A2D1-4723-939B-EBCC49880C5E} = {89B516B0-995B-4385-AA39-AA3CED8EA90F}
		{C7EBD846-6A08-44D6-8AEC-52C436F55BB7} = {6E5C1CAD-5501-473C-9C52-135DA03C7D4A}
		{C5161486-E06B-4DE2-8532-772834D24F29} = {6E5C1CAD-5501-473C-9C52-135DA03C7D4A}
		{C14AC3EC-A594-4EF0-89FF-EAA21AA9349D} = {6E5C1CAD-5501-473C-9C52-135DA03C7D4A}
		{7005970C-E8ED-4AC4-807F-CB19F7E375DB} = {561D2428-FB6C-400B-8D86-D23A3A46D2E7}
		{DB86CA53-925B-4B98-A024-D17EA1A770CE} = {561D2428-FB6C-400B-8D86-D23A3A46D2E7}
		{692AF6F7-4E8B-4DDE-8C07-AD065B05A066} = {561D2428-FB6C-400B-8D86-D23A3A46D2E7}
		{9620F672-F3F3-4633-A89B-5258971BA50D} = {619E276E-BA67-4431-89AF-76F3AA95209F}
		{5982ECC1-31F9-4CDB-BFA0-F20759429C2F} = {619E276E-BA67-4431-89AF-76F3AA95209F}
		{2746A06F-7FA9-46A3-B34C-5D78F96C043F} = {619E276E-BA67-4431-89AF-76F3AA95209F}
	EndGlobalSection
	GlobalSection(ExtensibilityGlobals) = postSolution
		SolutionGuid = {C2C823BC-7B3C-4718-860B-9A3F1E17138E}
	EndGlobalSection
EndGlobal
